// !$*UTF8*$!
{
	archiveVersion = 1;
	classes = {
	};
	objectVersion = 52;
	objects = {

/* Begin PBXBuildFile section */
		246D2D9B25DE2122005C2EF1 /* MainScreenViewController.swift in Sources */ = {isa = PBXBuildFile; fileRef = 246D2D9A25DE2122005C2EF1 /* MainScreenViewController.swift */; };
		246D2D9E25DE3F22005C2EF1 /* SearchTracks.swift in Sources */ = {isa = PBXBuildFile; fileRef = 246D2D9D25DE3F22005C2EF1 /* SearchTracks.swift */; };
		246D2DA125DE3F91005C2EF1 /* ArtistTopTracks.swift in Sources */ = {isa = PBXBuildFile; fileRef = 246D2DA025DE3F91005C2EF1 /* ArtistTopTracks.swift */; };
		246D2DA525DE4B60005C2EF1 /* SimpleTrack.swift in Sources */ = {isa = PBXBuildFile; fileRef = 246D2DA425DE4B60005C2EF1 /* SimpleTrack.swift */; };
		246D2DA825DE4BCA005C2EF1 /* Playlist.swift in Sources */ = {isa = PBXBuildFile; fileRef = 246D2DA725DE4BCA005C2EF1 /* Playlist.swift */; };
		246D2DAB25DE4BEF005C2EF1 /* UserTopTracks.swift in Sources */ = {isa = PBXBuildFile; fileRef = 246D2DAA25DE4BEF005C2EF1 /* UserTopTracks.swift */; };
		246EBFF125F6DBA50044F5AD /* CreatePlaylist.swift in Sources */ = {isa = PBXBuildFile; fileRef = 246EBFF025F6DBA50044F5AD /* CreatePlaylist.swift */; };
		247BF62B25DF091900D2B547 /* Kingfisher in Frameworks */ = {isa = PBXBuildFile; productRef = 247BF62A25DF091900D2B547 /* Kingfisher */; };
		2480CA0825E57B52000F1FD5 /* TestViewController.swift in Sources */ = {isa = PBXBuildFile; fileRef = 2480CA0725E57B52000F1FD5 /* TestViewController.swift */; };
		2480CA0E25E57CD7000F1FD5 /* ButtonStackView.swift in Sources */ = {isa = PBXBuildFile; fileRef = 2480CA0D25E57CD6000F1FD5 /* ButtonStackView.swift */; };
		2480CA1125E57DD9000F1FD5 /* Button.swift in Sources */ = {isa = PBXBuildFile; fileRef = 2480CA1025E57DD9000F1FD5 /* Button.swift */; };
		2480CA1925E57FA8000F1FD5 /* TinderCardContent.swift in Sources */ = {isa = PBXBuildFile; fileRef = 2480CA1825E57FA8000F1FD5 /* TinderCardContent.swift */; };
		2480CA1E25E58058000F1FD5 /* CardOverlay.swift in Sources */ = {isa = PBXBuildFile; fileRef = 2480CA1D25E58058000F1FD5 /* CardOverlay.swift */; };
		2480CA2125E5805F000F1FD5 /* CardFooter.swift in Sources */ = {isa = PBXBuildFile; fileRef = 2480CA2025E5805F000F1FD5 /* CardFooter.swift */; };
		2480CA2425E5806A000F1FD5 /* CardModel.swift in Sources */ = {isa = PBXBuildFile; fileRef = 2480CA2325E5806A000F1FD5 /* CardModel.swift */; };
		2480CA2725E5808A000F1FD5 /* Extensions.swift in Sources */ = {isa = PBXBuildFile; fileRef = 2480CA2625E5808A000F1FD5 /* Extensions.swift */; };
		2480CA2A25E5860A000F1FD5 /* AudioPlayer.swift in Sources */ = {isa = PBXBuildFile; fileRef = 2480CA2925E5860A000F1FD5 /* AudioPlayer.swift */; };
		24D9300025DB035600630B06 /* AppDelegate.swift in Sources */ = {isa = PBXBuildFile; fileRef = 24D92FFF25DB035600630B06 /* AppDelegate.swift */; };
		24D9300225DB035600630B06 /* SceneDelegate.swift in Sources */ = {isa = PBXBuildFile; fileRef = 24D9300125DB035600630B06 /* SceneDelegate.swift */; };
		24D9300725DB035600630B06 /* Main.storyboard in Resources */ = {isa = PBXBuildFile; fileRef = 24D9300525DB035600630B06 /* Main.storyboard */; };
		24D9300925DB035700630B06 /* Assets.xcassets in Resources */ = {isa = PBXBuildFile; fileRef = 24D9300825DB035700630B06 /* Assets.xcassets */; };
		24D9300C25DB035700630B06 /* LaunchScreen.storyboard in Resources */ = {isa = PBXBuildFile; fileRef = 24D9300A25DB035700630B06 /* LaunchScreen.storyboard */; };
		24D9301625DB06E200630B06 /* Constants.swift in Sources */ = {isa = PBXBuildFile; fileRef = 24D9301525DB06E200630B06 /* Constants.swift */; };
		24D9301B25DB072E00630B06 /* Model.swift in Sources */ = {isa = PBXBuildFile; fileRef = 24D9301A25DB072E00630B06 /* Model.swift */; };
		24D9301E25DB076D00630B06 /* RequestBuilder.swift in Sources */ = {isa = PBXBuildFile; fileRef = 24D9301D25DB076D00630B06 /* RequestBuilder.swift */; };
		24D9302425DB07A500630B06 /* Header.swift in Sources */ = {isa = PBXBuildFile; fileRef = 24D9302325DB07A500630B06 /* Header.swift */; };
		24D9302725DB07AD00630B06 /* EndingPath.swift in Sources */ = {isa = PBXBuildFile; fileRef = 24D9302625DB07AD00630B06 /* EndingPath.swift */; };
		24D9302A25DB07B800630B06 /* Parameters.swift in Sources */ = {isa = PBXBuildFile; fileRef = 24D9302925DB07B800630B06 /* Parameters.swift */; };
		24D9302D25DB07C500630B06 /* SpotifyBaseURL.swift in Sources */ = {isa = PBXBuildFile; fileRef = 24D9302C25DB07C500630B06 /* SpotifyBaseURL.swift */; };
		24D9303025DB07CF00630B06 /* Request.swift in Sources */ = {isa = PBXBuildFile; fileRef = 24D9302F25DB07CF00630B06 /* Request.swift */; };
		24D9303325DB07D800630B06 /* APIClient.swift in Sources */ = {isa = PBXBuildFile; fileRef = 24D9303225DB07D800630B06 /* APIClient.swift */; };
		24D9303625DB777700630B06 /* SpotifyType.swift in Sources */ = {isa = PBXBuildFile; fileRef = 24D9303525DB777700630B06 /* SpotifyType.swift */; };
		24D9303B25DB79CC00630B06 /* ExpiredTokens.swift in Sources */ = {isa = PBXBuildFile; fileRef = 24D9303A25DB79CC00630B06 /* ExpiredTokens.swift */; };
		24D9303E25DB79D400630B06 /* Tokens.swift in Sources */ = {isa = PBXBuildFile; fileRef = 24D9303D25DB79D400630B06 /* Tokens.swift */; };
		24D9304125DB7A5100630B06 /* UserModel.swift in Sources */ = {isa = PBXBuildFile; fileRef = 24D9304025DB7A5100630B06 /* UserModel.swift */; };
		24D9304425DB7ACB00630B06 /* LoginViewController.swift in Sources */ = {isa = PBXBuildFile; fileRef = 24D9304325DB7ACB00630B06 /* LoginViewController.swift */; };
		24D9304725DB944600630B06 /* ProfileViewController.swift in Sources */ = {isa = PBXBuildFile; fileRef = 24D9304625DB944600630B06 /* ProfileViewController.swift */; };
		658AF5C7F1640B6E0BCDB64E /* Pods_BetaBump.framework in Frameworks */ = {isa = PBXBuildFile; fileRef = EB9A9152E58759F5A26DD094 /* Pods_BetaBump.framework */; };
/* End PBXBuildFile section */

/* Begin PBXFileReference section */
		23E59720E2CA16D06948CD31 /* Pods-BetaBump.debug.xcconfig */ = {isa = PBXFileReference; includeInIndex = 1; lastKnownFileType = text.xcconfig; name = "Pods-BetaBump.debug.xcconfig"; path = "Target Support Files/Pods-BetaBump/Pods-BetaBump.debug.xcconfig"; sourceTree = "<group>"; };
		246D2D9A25DE2122005C2EF1 /* MainScreenViewController.swift */ = {isa = PBXFileReference; lastKnownFileType = sourcecode.swift; path = MainScreenViewController.swift; sourceTree = "<group>"; };
		246D2D9D25DE3F22005C2EF1 /* SearchTracks.swift */ = {isa = PBXFileReference; lastKnownFileType = sourcecode.swift; path = SearchTracks.swift; sourceTree = "<group>"; };
		246D2DA025DE3F91005C2EF1 /* ArtistTopTracks.swift */ = {isa = PBXFileReference; lastKnownFileType = sourcecode.swift; path = ArtistTopTracks.swift; sourceTree = "<group>"; };
		246D2DA425DE4B60005C2EF1 /* SimpleTrack.swift */ = {isa = PBXFileReference; lastKnownFileType = sourcecode.swift; path = SimpleTrack.swift; sourceTree = "<group>"; };
		246D2DA725DE4BCA005C2EF1 /* Playlist.swift */ = {isa = PBXFileReference; lastKnownFileType = sourcecode.swift; path = Playlist.swift; sourceTree = "<group>"; };
		246D2DAA25DE4BEF005C2EF1 /* UserTopTracks.swift */ = {isa = PBXFileReference; lastKnownFileType = sourcecode.swift; path = UserTopTracks.swift; sourceTree = "<group>"; };
		246EBFF025F6DBA50044F5AD /* CreatePlaylist.swift */ = {isa = PBXFileReference; lastKnownFileType = sourcecode.swift; path = CreatePlaylist.swift; sourceTree = "<group>"; };
		2480CA0725E57B52000F1FD5 /* TestViewController.swift */ = {isa = PBXFileReference; lastKnownFileType = sourcecode.swift; path = TestViewController.swift; sourceTree = "<group>"; };
		2480CA0D25E57CD6000F1FD5 /* ButtonStackView.swift */ = {isa = PBXFileReference; lastKnownFileType = sourcecode.swift; path = ButtonStackView.swift; sourceTree = "<group>"; };
		2480CA1025E57DD9000F1FD5 /* Button.swift */ = {isa = PBXFileReference; lastKnownFileType = sourcecode.swift; path = Button.swift; sourceTree = "<group>"; };
		2480CA1825E57FA8000F1FD5 /* TinderCardContent.swift */ = {isa = PBXFileReference; lastKnownFileType = sourcecode.swift; path = TinderCardContent.swift; sourceTree = "<group>"; };
		2480CA1D25E58058000F1FD5 /* CardOverlay.swift */ = {isa = PBXFileReference; lastKnownFileType = sourcecode.swift; path = CardOverlay.swift; sourceTree = "<group>"; };
		2480CA2025E5805F000F1FD5 /* CardFooter.swift */ = {isa = PBXFileReference; lastKnownFileType = sourcecode.swift; path = CardFooter.swift; sourceTree = "<group>"; };
		2480CA2325E5806A000F1FD5 /* CardModel.swift */ = {isa = PBXFileReference; lastKnownFileType = sourcecode.swift; path = CardModel.swift; sourceTree = "<group>"; };
		2480CA2625E5808A000F1FD5 /* Extensions.swift */ = {isa = PBXFileReference; lastKnownFileType = sourcecode.swift; path = Extensions.swift; sourceTree = "<group>"; };
		2480CA2925E5860A000F1FD5 /* AudioPlayer.swift */ = {isa = PBXFileReference; lastKnownFileType = sourcecode.swift; path = AudioPlayer.swift; sourceTree = "<group>"; };
		24D92FFC25DB035600630B06 /* BetaBump.app */ = {isa = PBXFileReference; explicitFileType = wrapper.application; includeInIndex = 0; path = BetaBump.app; sourceTree = BUILT_PRODUCTS_DIR; };
		24D92FFF25DB035600630B06 /* AppDelegate.swift */ = {isa = PBXFileReference; lastKnownFileType = sourcecode.swift; path = AppDelegate.swift; sourceTree = "<group>"; };
		24D9300125DB035600630B06 /* SceneDelegate.swift */ = {isa = PBXFileReference; lastKnownFileType = sourcecode.swift; path = SceneDelegate.swift; sourceTree = "<group>"; };
		24D9300625DB035600630B06 /* Base */ = {isa = PBXFileReference; lastKnownFileType = file.storyboard; name = Base; path = Base.lproj/Main.storyboard; sourceTree = "<group>"; };
		24D9300825DB035700630B06 /* Assets.xcassets */ = {isa = PBXFileReference; lastKnownFileType = folder.assetcatalog; path = Assets.xcassets; sourceTree = "<group>"; };
		24D9300B25DB035700630B06 /* Base */ = {isa = PBXFileReference; lastKnownFileType = file.storyboard; name = Base; path = Base.lproj/LaunchScreen.storyboard; sourceTree = "<group>"; };
		24D9300D25DB035700630B06 /* Info.plist */ = {isa = PBXFileReference; lastKnownFileType = text.plist.xml; path = Info.plist; sourceTree = "<group>"; };
		24D9301525DB06E200630B06 /* Constants.swift */ = {isa = PBXFileReference; lastKnownFileType = sourcecode.swift; path = Constants.swift; sourceTree = "<group>"; };
		24D9301A25DB072E00630B06 /* Model.swift */ = {isa = PBXFileReference; lastKnownFileType = sourcecode.swift; path = Model.swift; sourceTree = "<group>"; };
		24D9301D25DB076D00630B06 /* RequestBuilder.swift */ = {isa = PBXFileReference; lastKnownFileType = sourcecode.swift; path = RequestBuilder.swift; sourceTree = "<group>"; };
		24D9302325DB07A500630B06 /* Header.swift */ = {isa = PBXFileReference; lastKnownFileType = sourcecode.swift; path = Header.swift; sourceTree = "<group>"; };
		24D9302625DB07AD00630B06 /* EndingPath.swift */ = {isa = PBXFileReference; lastKnownFileType = sourcecode.swift; path = EndingPath.swift; sourceTree = "<group>"; };
		24D9302925DB07B800630B06 /* Parameters.swift */ = {isa = PBXFileReference; lastKnownFileType = sourcecode.swift; path = Parameters.swift; sourceTree = "<group>"; };
		24D9302C25DB07C500630B06 /* SpotifyBaseURL.swift */ = {isa = PBXFileReference; lastKnownFileType = sourcecode.swift; path = SpotifyBaseURL.swift; sourceTree = "<group>"; };
		24D9302F25DB07CF00630B06 /* Request.swift */ = {isa = PBXFileReference; lastKnownFileType = sourcecode.swift; path = Request.swift; sourceTree = "<group>"; };
		24D9303225DB07D800630B06 /* APIClient.swift */ = {isa = PBXFileReference; lastKnownFileType = sourcecode.swift; path = APIClient.swift; sourceTree = "<group>"; };
		24D9303525DB777700630B06 /* SpotifyType.swift */ = {isa = PBXFileReference; lastKnownFileType = sourcecode.swift; path = SpotifyType.swift; sourceTree = "<group>"; };
		24D9303A25DB79CC00630B06 /* ExpiredTokens.swift */ = {isa = PBXFileReference; lastKnownFileType = sourcecode.swift; path = ExpiredTokens.swift; sourceTree = "<group>"; };
		24D9303D25DB79D400630B06 /* Tokens.swift */ = {isa = PBXFileReference; lastKnownFileType = sourcecode.swift; path = Tokens.swift; sourceTree = "<group>"; };
		24D9304025DB7A5100630B06 /* UserModel.swift */ = {isa = PBXFileReference; lastKnownFileType = sourcecode.swift; path = UserModel.swift; sourceTree = "<group>"; };
		24D9304325DB7ACB00630B06 /* LoginViewController.swift */ = {isa = PBXFileReference; lastKnownFileType = sourcecode.swift; path = LoginViewController.swift; sourceTree = "<group>"; };
		24D9304625DB944600630B06 /* ProfileViewController.swift */ = {isa = PBXFileReference; lastKnownFileType = sourcecode.swift; path = ProfileViewController.swift; sourceTree = "<group>"; };
		A1EDCB1280E64D2E47192C52 /* Pods-BetaBump.release.xcconfig */ = {isa = PBXFileReference; includeInIndex = 1; lastKnownFileType = text.xcconfig; name = "Pods-BetaBump.release.xcconfig"; path = "Target Support Files/Pods-BetaBump/Pods-BetaBump.release.xcconfig"; sourceTree = "<group>"; };
		EB9A9152E58759F5A26DD094 /* Pods_BetaBump.framework */ = {isa = PBXFileReference; explicitFileType = wrapper.framework; includeInIndex = 0; path = Pods_BetaBump.framework; sourceTree = BUILT_PRODUCTS_DIR; };
/* End PBXFileReference section */

/* Begin PBXFrameworksBuildPhase section */
		24D92FF925DB035600630B06 /* Frameworks */ = {
			isa = PBXFrameworksBuildPhase;
			buildActionMask = 2147483647;
			files = (
				247BF62B25DF091900D2B547 /* Kingfisher in Frameworks */,
				658AF5C7F1640B6E0BCDB64E /* Pods_BetaBump.framework in Frameworks */,
			);
			runOnlyForDeploymentPostprocessing = 0;
		};
/* End PBXFrameworksBuildPhase section */

/* Begin PBXGroup section */
		15611A16DE5B1FA9AE32A38C /* Frameworks */ = {
			isa = PBXGroup;
			children = (
				EB9A9152E58759F5A26DD094 /* Pods_BetaBump.framework */,
			);
			name = Frameworks;
			sourceTree = "<group>";
		};
		246D2D9625DE041B005C2EF1 /* Controllers */ = {
			isa = PBXGroup;
			children = (
				24D9304325DB7ACB00630B06 /* LoginViewController.swift */,
				24D9304625DB944600630B06 /* ProfileViewController.swift */,
				246D2D9A25DE2122005C2EF1 /* MainScreenViewController.swift */,
				2480CA0A25E57CA8000F1FD5 /* Card Swipiing */,
			);
			path = Controllers;
			sourceTree = "<group>";
		};
		2480CA0A25E57CA8000F1FD5 /* Card Swipiing */ = {
			isa = PBXGroup;
			children = (
				2480CA0725E57B52000F1FD5 /* TestViewController.swift */,
				2480CA0D25E57CD6000F1FD5 /* ButtonStackView.swift */,
				2480CA1025E57DD9000F1FD5 /* Button.swift */,
				2480CA2625E5808A000F1FD5 /* Extensions.swift */,
				2480CA1B25E58049000F1FD5 /* Card */,
			);
			path = "Card Swipiing";
			sourceTree = "<group>";
		};
		2480CA1B25E58049000F1FD5 /* Card */ = {
			isa = PBXGroup;
			children = (
				2480CA1825E57FA8000F1FD5 /* TinderCardContent.swift */,
				2480CA1D25E58058000F1FD5 /* CardOverlay.swift */,
				2480CA2025E5805F000F1FD5 /* CardFooter.swift */,
				2480CA2325E5806A000F1FD5 /* CardModel.swift */,
			);
			path = Card;
			sourceTree = "<group>";
		};
		24D92FF325DB035600630B06 = {
			isa = PBXGroup;
			children = (
				24D92FFE25DB035600630B06 /* BetaBump */,
				24D92FFD25DB035600630B06 /* Products */,
				A3E9199D1C2D99C38F86E62B /* Pods */,
				15611A16DE5B1FA9AE32A38C /* Frameworks */,
			);
			sourceTree = "<group>";
		};
		24D92FFD25DB035600630B06 /* Products */ = {
			isa = PBXGroup;
			children = (
				24D92FFC25DB035600630B06 /* BetaBump.app */,
			);
			name = Products;
			sourceTree = "<group>";
		};
		24D92FFE25DB035600630B06 /* BetaBump */ = {
			isa = PBXGroup;
			children = (
				24D92FFF25DB035600630B06 /* AppDelegate.swift */,
				24D9300125DB035600630B06 /* SceneDelegate.swift */,
				24D9301825DB071700630B06 /* Model */,
				246D2D9625DE041B005C2EF1 /* Controllers */,
				24D9302025DB077100630B06 /* Network */,
				24D9300525DB035600630B06 /* Main.storyboard */,
				24D9300825DB035700630B06 /* Assets.xcassets */,
				24D9300A25DB035700630B06 /* LaunchScreen.storyboard */,
				24D9300D25DB035700630B06 /* Info.plist */,
			);
			path = BetaBump;
			sourceTree = "<group>";
		};
		24D9301825DB071700630B06 /* Model */ = {
			isa = PBXGroup;
			children = (
				24D9301525DB06E200630B06 /* Constants.swift */,
				24D9301A25DB072E00630B06 /* Model.swift */,
				2480CA2925E5860A000F1FD5 /* AudioPlayer.swift */,
			);
			path = Model;
			sourceTree = "<group>";
		};
		24D9302025DB077100630B06 /* Network */ = {
			isa = PBXGroup;
			children = (
				24D9301D25DB076D00630B06 /* RequestBuilder.swift */,
				246EBFF025F6DBA50044F5AD /* CreatePlaylist.swift */,
				24D9302325DB07A500630B06 /* Header.swift */,
				24D9302625DB07AD00630B06 /* EndingPath.swift */,
				24D9302925DB07B800630B06 /* Parameters.swift */,
				24D9302C25DB07C500630B06 /* SpotifyBaseURL.swift */,
				24D9302F25DB07CF00630B06 /* Request.swift */,
				24D9303225DB07D800630B06 /* APIClient.swift */,
				24D9303825DB777C00630B06 /* Network Model */,
			);
			path = Network;
			sourceTree = "<group>";
		};
		24D9303825DB777C00630B06 /* Network Model */ = {
			isa = PBXGroup;
			children = (
				24D9303525DB777700630B06 /* SpotifyType.swift */,
				246D2DA425DE4B60005C2EF1 /* SimpleTrack.swift */,
				246D2DA725DE4BCA005C2EF1 /* Playlist.swift */,
				246D2DAA25DE4BEF005C2EF1 /* UserTopTracks.swift */,
				24D9303A25DB79CC00630B06 /* ExpiredTokens.swift */,
				24D9303D25DB79D400630B06 /* Tokens.swift */,
				24D9304025DB7A5100630B06 /* UserModel.swift */,
				246D2D9D25DE3F22005C2EF1 /* SearchTracks.swift */,
				246D2DA025DE3F91005C2EF1 /* ArtistTopTracks.swift */,
			);
			path = "Network Model";
			sourceTree = "<group>";
		};
		A3E9199D1C2D99C38F86E62B /* Pods */ = {
			isa = PBXGroup;
			children = (
				23E59720E2CA16D06948CD31 /* Pods-BetaBump.debug.xcconfig */,
				A1EDCB1280E64D2E47192C52 /* Pods-BetaBump.release.xcconfig */,
			);
			path = Pods;
			sourceTree = "<group>";
		};
/* End PBXGroup section */

/* Begin PBXNativeTarget section */
		24D92FFB25DB035600630B06 /* BetaBump */ = {
			isa = PBXNativeTarget;
			buildConfigurationList = 24D9301025DB035700630B06 /* Build configuration list for PBXNativeTarget "BetaBump" */;
			buildPhases = (
				0223A42C6971A76E94E7C9B6 /* [CP] Check Pods Manifest.lock */,
				24D92FF825DB035600630B06 /* Sources */,
				24D92FF925DB035600630B06 /* Frameworks */,
				24D92FFA25DB035600630B06 /* Resources */,
				9A51CA3451C829A772E6ADFA /* [CP] Embed Pods Frameworks */,
			);
			buildRules = (
			);
			dependencies = (
			);
			name = BetaBump;
			packageProductDependencies = (
				247BF62A25DF091900D2B547 /* Kingfisher */,
			);
			productName = BetaBump;
			productReference = 24D92FFC25DB035600630B06 /* BetaBump.app */;
			productType = "com.apple.product-type.application";
		};
/* End PBXNativeTarget section */

/* Begin PBXProject section */
		24D92FF425DB035600630B06 /* Project object */ = {
			isa = PBXProject;
			attributes = {
				LastSwiftUpdateCheck = 1230;
				LastUpgradeCheck = 1230;
				TargetAttributes = {
					24D92FFB25DB035600630B06 = {
						CreatedOnToolsVersion = 12.3;
					};
				};
			};
			buildConfigurationList = 24D92FF725DB035600630B06 /* Build configuration list for PBXProject "BetaBump" */;
			compatibilityVersion = "Xcode 9.3";
			developmentRegion = en;
			hasScannedForEncodings = 0;
			knownRegions = (
				en,
				Base,
			);
			mainGroup = 24D92FF325DB035600630B06;
			packageReferences = (
				247BF62925DF091900D2B547 /* XCRemoteSwiftPackageReference "Kingfisher" */,
			);
			productRefGroup = 24D92FFD25DB035600630B06 /* Products */;
			projectDirPath = "";
			projectRoot = "";
			targets = (
				24D92FFB25DB035600630B06 /* BetaBump */,
			);
		};
/* End PBXProject section */

/* Begin PBXResourcesBuildPhase section */
		24D92FFA25DB035600630B06 /* Resources */ = {
			isa = PBXResourcesBuildPhase;
			buildActionMask = 2147483647;
			files = (
				24D9300C25DB035700630B06 /* LaunchScreen.storyboard in Resources */,
				24D9300925DB035700630B06 /* Assets.xcassets in Resources */,
				24D9300725DB035600630B06 /* Main.storyboard in Resources */,
			);
			runOnlyForDeploymentPostprocessing = 0;
		};
/* End PBXResourcesBuildPhase section */

/* Begin PBXShellScriptBuildPhase section */
		0223A42C6971A76E94E7C9B6 /* [CP] Check Pods Manifest.lock */ = {
			isa = PBXShellScriptBuildPhase;
			buildActionMask = 2147483647;
			files = (
			);
			inputFileListPaths = (
			);
			inputPaths = (
				"${PODS_PODFILE_DIR_PATH}/Podfile.lock",
				"${PODS_ROOT}/Manifest.lock",
			);
			name = "[CP] Check Pods Manifest.lock";
			outputFileListPaths = (
			);
			outputPaths = (
				"$(DERIVED_FILE_DIR)/Pods-BetaBump-checkManifestLockResult.txt",
			);
			runOnlyForDeploymentPostprocessing = 0;
			shellPath = /bin/sh;
			shellScript = "diff \"${PODS_PODFILE_DIR_PATH}/Podfile.lock\" \"${PODS_ROOT}/Manifest.lock\" > /dev/null\nif [ $? != 0 ] ; then\n    # print error to STDERR\n    echo \"error: The sandbox is not in sync with the Podfile.lock. Run 'pod install' or update your CocoaPods installation.\" >&2\n    exit 1\nfi\n# This output is used by Xcode 'outputs' to avoid re-running this script phase.\necho \"SUCCESS\" > \"${SCRIPT_OUTPUT_FILE_0}\"\n";
			showEnvVarsInLog = 0;
		};
		9A51CA3451C829A772E6ADFA /* [CP] Embed Pods Frameworks */ = {
			isa = PBXShellScriptBuildPhase;
			buildActionMask = 2147483647;
			files = (
			);
			inputFileListPaths = (
				"${PODS_ROOT}/Target Support Files/Pods-BetaBump/Pods-BetaBump-frameworks-${CONFIGURATION}-input-files.xcfilelist",
			);
			name = "[CP] Embed Pods Frameworks";
			outputFileListPaths = (
				"${PODS_ROOT}/Target Support Files/Pods-BetaBump/Pods-BetaBump-frameworks-${CONFIGURATION}-output-files.xcfilelist",
			);
			runOnlyForDeploymentPostprocessing = 0;
			shellPath = /bin/sh;
			shellScript = "\"${PODS_ROOT}/Target Support Files/Pods-BetaBump/Pods-BetaBump-frameworks.sh\"\n";
			showEnvVarsInLog = 0;
		};
/* End PBXShellScriptBuildPhase section */

/* Begin PBXSourcesBuildPhase section */
		24D92FF825DB035600630B06 /* Sources */ = {
			isa = PBXSourcesBuildPhase;
			buildActionMask = 2147483647;
			files = (
				246D2D9E25DE3F22005C2EF1 /* SearchTracks.swift in Sources */,
				24D9301B25DB072E00630B06 /* Model.swift in Sources */,
				24D9303B25DB79CC00630B06 /* ExpiredTokens.swift in Sources */,
				2480CA2125E5805F000F1FD5 /* CardFooter.swift in Sources */,
				24D9300025DB035600630B06 /* AppDelegate.swift in Sources */,
				24D9303625DB777700630B06 /* SpotifyType.swift in Sources */,
				24D9302425DB07A500630B06 /* Header.swift in Sources */,
				2480CA0E25E57CD7000F1FD5 /* ButtonStackView.swift in Sources */,
				24D9303025DB07CF00630B06 /* Request.swift in Sources */,
				24D9301E25DB076D00630B06 /* RequestBuilder.swift in Sources */,
				24D9304725DB944600630B06 /* ProfileViewController.swift in Sources */,
				2480CA2A25E5860A000F1FD5 /* AudioPlayer.swift in Sources */,
				246D2DAB25DE4BEF005C2EF1 /* UserTopTracks.swift in Sources */,
				2480CA1125E57DD9000F1FD5 /* Button.swift in Sources */,
				2480CA0825E57B52000F1FD5 /* TestViewController.swift in Sources */,
				24D9303E25DB79D400630B06 /* Tokens.swift in Sources */,
				246D2DA125DE3F91005C2EF1 /* ArtistTopTracks.swift in Sources */,
				24D9302725DB07AD00630B06 /* EndingPath.swift in Sources */,
				2480CA1E25E58058000F1FD5 /* CardOverlay.swift in Sources */,
				246EBFF125F6DBA50044F5AD /* CreatePlaylist.swift in Sources */,
				24D9304125DB7A5100630B06 /* UserModel.swift in Sources */,
				2480CA2725E5808A000F1FD5 /* Extensions.swift in Sources */,
				24D9300225DB035600630B06 /* SceneDelegate.swift in Sources */,
				24D9301625DB06E200630B06 /* Constants.swift in Sources */,
				24D9304425DB7ACB00630B06 /* LoginViewController.swift in Sources */,
				24D9302A25DB07B800630B06 /* Parameters.swift in Sources */,
				24D9302D25DB07C500630B06 /* SpotifyBaseURL.swift in Sources */,
				2480CA1925E57FA8000F1FD5 /* TinderCardContent.swift in Sources */,
				24D9303325DB07D800630B06 /* APIClient.swift in Sources */,
				246D2DA825DE4BCA005C2EF1 /* Playlist.swift in Sources */,
				246D2DA525DE4B60005C2EF1 /* SimpleTrack.swift in Sources */,
				246D2D9B25DE2122005C2EF1 /* MainScreenViewController.swift in Sources */,
				2480CA2425E5806A000F1FD5 /* CardModel.swift in Sources */,
			);
			runOnlyForDeploymentPostprocessing = 0;
		};
/* End PBXSourcesBuildPhase section */

/* Begin PBXVariantGroup section */
		24D9300525DB035600630B06 /* Main.storyboard */ = {
			isa = PBXVariantGroup;
			children = (
				24D9300625DB035600630B06 /* Base */,
			);
			name = Main.storyboard;
			sourceTree = "<group>";
		};
		24D9300A25DB035700630B06 /* LaunchScreen.storyboard */ = {
			isa = PBXVariantGroup;
			children = (
				24D9300B25DB035700630B06 /* Base */,
			);
			name = LaunchScreen.storyboard;
			sourceTree = "<group>";
		};
/* End PBXVariantGroup section */

/* Begin XCBuildConfiguration section */
		24D9300E25DB035700630B06 /* Debug */ = {
			isa = XCBuildConfiguration;
			buildSettings = {
				ALWAYS_SEARCH_USER_PATHS = NO;
				CLANG_ANALYZER_NONNULL = YES;
				CLANG_ANALYZER_NUMBER_OBJECT_CONVERSION = YES_AGGRESSIVE;
				CLANG_CXX_LANGUAGE_STANDARD = "gnu++14";
				CLANG_CXX_LIBRARY = "libc++";
				CLANG_ENABLE_MODULES = YES;
				CLANG_ENABLE_OBJC_ARC = YES;
				CLANG_ENABLE_OBJC_WEAK = YES;
				CLANG_WARN_BLOCK_CAPTURE_AUTORELEASING = YES;
				CLANG_WARN_BOOL_CONVERSION = YES;
				CLANG_WARN_COMMA = YES;
				CLANG_WARN_CONSTANT_CONVERSION = YES;
				CLANG_WARN_DEPRECATED_OBJC_IMPLEMENTATIONS = YES;
				CLANG_WARN_DIRECT_OBJC_ISA_USAGE = YES_ERROR;
				CLANG_WARN_DOCUMENTATION_COMMENTS = YES;
				CLANG_WARN_EMPTY_BODY = YES;
				CLANG_WARN_ENUM_CONVERSION = YES;
				CLANG_WARN_INFINITE_RECURSION = YES;
				CLANG_WARN_INT_CONVERSION = YES;
				CLANG_WARN_NON_LITERAL_NULL_CONVERSION = YES;
				CLANG_WARN_OBJC_IMPLICIT_RETAIN_SELF = YES;
				CLANG_WARN_OBJC_LITERAL_CONVERSION = YES;
				CLANG_WARN_OBJC_ROOT_CLASS = YES_ERROR;
				CLANG_WARN_QUOTED_INCLUDE_IN_FRAMEWORK_HEADER = YES;
				CLANG_WARN_RANGE_LOOP_ANALYSIS = YES;
				CLANG_WARN_STRICT_PROTOTYPES = YES;
				CLANG_WARN_SUSPICIOUS_MOVE = YES;
				CLANG_WARN_UNGUARDED_AVAILABILITY = YES_AGGRESSIVE;
				CLANG_WARN_UNREACHABLE_CODE = YES;
				CLANG_WARN__DUPLICATE_METHOD_MATCH = YES;
				COPY_PHASE_STRIP = NO;
				DEBUG_INFORMATION_FORMAT = dwarf;
				ENABLE_STRICT_OBJC_MSGSEND = YES;
				ENABLE_TESTABILITY = YES;
				GCC_C_LANGUAGE_STANDARD = gnu11;
				GCC_DYNAMIC_NO_PIC = NO;
				GCC_NO_COMMON_BLOCKS = YES;
				GCC_OPTIMIZATION_LEVEL = 0;
				GCC_PREPROCESSOR_DEFINITIONS = (
					"DEBUG=1",
					"$(inherited)",
				);
				GCC_WARN_64_TO_32_BIT_CONVERSION = YES;
				GCC_WARN_ABOUT_RETURN_TYPE = YES_ERROR;
				GCC_WARN_UNDECLARED_SELECTOR = YES;
				GCC_WARN_UNINITIALIZED_AUTOS = YES_AGGRESSIVE;
				GCC_WARN_UNUSED_FUNCTION = YES;
				GCC_WARN_UNUSED_VARIABLE = YES;
				IPHONEOS_DEPLOYMENT_TARGET = 14.3;
				MTL_ENABLE_DEBUG_INFO = INCLUDE_SOURCE;
				MTL_FAST_MATH = YES;
				ONLY_ACTIVE_ARCH = YES;
				SDKROOT = iphoneos;
				SWIFT_ACTIVE_COMPILATION_CONDITIONS = DEBUG;
				SWIFT_OPTIMIZATION_LEVEL = "-Onone";
			};
			name = Debug;
		};
		24D9300F25DB035700630B06 /* Release */ = {
			isa = XCBuildConfiguration;
			buildSettings = {
				ALWAYS_SEARCH_USER_PATHS = NO;
				CLANG_ANALYZER_NONNULL = YES;
				CLANG_ANALYZER_NUMBER_OBJECT_CONVERSION = YES_AGGRESSIVE;
				CLANG_CXX_LANGUAGE_STANDARD = "gnu++14";
				CLANG_CXX_LIBRARY = "libc++";
				CLANG_ENABLE_MODULES = YES;
				CLANG_ENABLE_OBJC_ARC = YES;
				CLANG_ENABLE_OBJC_WEAK = YES;
				CLANG_WARN_BLOCK_CAPTURE_AUTORELEASING = YES;
				CLANG_WARN_BOOL_CONVERSION = YES;
				CLANG_WARN_COMMA = YES;
				CLANG_WARN_CONSTANT_CONVERSION = YES;
				CLANG_WARN_DEPRECATED_OBJC_IMPLEMENTATIONS = YES;
				CLANG_WARN_DIRECT_OBJC_ISA_USAGE = YES_ERROR;
				CLANG_WARN_DOCUMENTATION_COMMENTS = YES;
				CLANG_WARN_EMPTY_BODY = YES;
				CLANG_WARN_ENUM_CONVERSION = YES;
				CLANG_WARN_INFINITE_RECURSION = YES;
				CLANG_WARN_INT_CONVERSION = YES;
				CLANG_WARN_NON_LITERAL_NULL_CONVERSION = YES;
				CLANG_WARN_OBJC_IMPLICIT_RETAIN_SELF = YES;
				CLANG_WARN_OBJC_LITERAL_CONVERSION = YES;
				CLANG_WARN_OBJC_ROOT_CLASS = YES_ERROR;
				CLANG_WARN_QUOTED_INCLUDE_IN_FRAMEWORK_HEADER = YES;
				CLANG_WARN_RANGE_LOOP_ANALYSIS = YES;
				CLANG_WARN_STRICT_PROTOTYPES = YES;
				CLANG_WARN_SUSPICIOUS_MOVE = YES;
				CLANG_WARN_UNGUARDED_AVAILABILITY = YES_AGGRESSIVE;
				CLANG_WARN_UNREACHABLE_CODE = YES;
				CLANG_WARN__DUPLICATE_METHOD_MATCH = YES;
				COPY_PHASE_STRIP = NO;
				DEBUG_INFORMATION_FORMAT = "dwarf-with-dsym";
				ENABLE_NS_ASSERTIONS = NO;
				ENABLE_STRICT_OBJC_MSGSEND = YES;
				GCC_C_LANGUAGE_STANDARD = gnu11;
				GCC_NO_COMMON_BLOCKS = YES;
				GCC_WARN_64_TO_32_BIT_CONVERSION = YES;
				GCC_WARN_ABOUT_RETURN_TYPE = YES_ERROR;
				GCC_WARN_UNDECLARED_SELECTOR = YES;
				GCC_WARN_UNINITIALIZED_AUTOS = YES_AGGRESSIVE;
				GCC_WARN_UNUSED_FUNCTION = YES;
				GCC_WARN_UNUSED_VARIABLE = YES;
				IPHONEOS_DEPLOYMENT_TARGET = 14.3;
				MTL_ENABLE_DEBUG_INFO = NO;
				MTL_FAST_MATH = YES;
				SDKROOT = iphoneos;
				SWIFT_COMPILATION_MODE = wholemodule;
				SWIFT_OPTIMIZATION_LEVEL = "-O";
				VALIDATE_PRODUCT = YES;
			};
			name = Release;
		};
		24D9301125DB035700630B06 /* Debug */ = {
			isa = XCBuildConfiguration;
			baseConfigurationReference = 23E59720E2CA16D06948CD31 /* Pods-BetaBump.debug.xcconfig */;
			buildSettings = {
				ASSETCATALOG_COMPILER_APPICON_NAME = AppIcon;
				ASSETCATALOG_COMPILER_GLOBAL_ACCENT_COLOR_NAME = AccentColor;
				CODE_SIGN_STYLE = Automatic;
				DEVELOPMENT_TEAM = RHJFMU3K87;
				INFOPLIST_FILE = BetaBump/Info.plist;
				LD_RUNPATH_SEARCH_PATHS = (
					"$(inherited)",
					"@executable_path/Frameworks",
				);
				PRODUCT_BUNDLE_IDENTIFIER = com.TimVanCauwenberge.BetaBump;
				PRODUCT_NAME = "$(TARGET_NAME)";
				SWIFT_VERSION = 5.0;
				TARGETED_DEVICE_FAMILY = "1,2";
			};
			name = Debug;
		};
		24D9301225DB035700630B06 /* Release */ = {
			isa = XCBuildConfiguration;
			baseConfigurationReference = A1EDCB1280E64D2E47192C52 /* Pods-BetaBump.release.xcconfig */;
			buildSettings = {
				ASSETCATALOG_COMPILER_APPICON_NAME = AppIcon;
				ASSETCATALOG_COMPILER_GLOBAL_ACCENT_COLOR_NAME = AccentColor;
				CODE_SIGN_STYLE = Automatic;
				DEVELOPMENT_TEAM = RHJFMU3K87;
				INFOPLIST_FILE = BetaBump/Info.plist;
				LD_RUNPATH_SEARCH_PATHS = (
					"$(inherited)",
					"@executable_path/Frameworks",
				);
				PRODUCT_BUNDLE_IDENTIFIER = com.TimVanCauwenberge.BetaBump;
				PRODUCT_NAME = "$(TARGET_NAME)";
				SWIFT_VERSION = 5.0;
				TARGETED_DEVICE_FAMILY = "1,2";
			};
			name = Release;
		};
/* End XCBuildConfiguration section */

/* Begin XCConfigurationList section */
		24D92FF725DB035600630B06 /* Build configuration list for PBXProject "BetaBump" */ = {
			isa = XCConfigurationList;
			buildConfigurations = (
				24D9300E25DB035700630B06 /* Debug */,
				24D9300F25DB035700630B06 /* Release */,
			);
			defaultConfigurationIsVisible = 0;
			defaultConfigurationName = Release;
		};
		24D9301025DB035700630B06 /* Build configuration list for PBXNativeTarget "BetaBump" */ = {
			isa = XCConfigurationList;
			buildConfigurations = (
				24D9301125DB035700630B06 /* Debug */,
				24D9301225DB035700630B06 /* Release */,
			);
			defaultConfigurationIsVisible = 0;
			defaultConfigurationName = Release;
		};
/* End XCConfigurationList section */

/* Begin XCRemoteSwiftPackageReference section */
		247BF62925DF091900D2B547 /* XCRemoteSwiftPackageReference "Kingfisher" */ = {
			isa = XCRemoteSwiftPackageReference;
			repositoryURL = "https://github.com/onevcat/Kingfisher.git";
			requirement = {
				kind = upToNextMajorVersion;
				minimumVersion = 6.1.1;
			};
		};
/* End XCRemoteSwiftPackageReference section */

/* Begin XCSwiftPackageProductDependency section */
		247BF62A25DF091900D2B547 /* Kingfisher */ = {
			isa = XCSwiftPackageProductDependency;
			package = 247BF62925DF091900D2B547 /* XCRemoteSwiftPackageReference "Kingfisher" */;
			productName = Kingfisher;
		};
/* End XCSwiftPackageProductDependency section */
	};
	rootObject = 24D92FF425DB035600630B06 /* Project object */;
}
